
Microsoft Visual Studio Solution File, Format Version 12.00
# Visual Studio Version 16
VisualStudioVersion = 16.0.29806.167
MinimumVisualStudioVersion = 10.0.40219.1
Project("{2150E333-8FDC-42A3-9474-1A3956D46DE8}") = "src", "src", "{F68095EE-6CD1-43A2-B498-6CA72CE2A0CB}"
ProjectSection(SolutionItems) = preProject
	src\Directory.Build.props = src\Directory.Build.props
EndProjectSection
EndProject
Project("{2150E333-8FDC-42A3-9474-1A3956D46DE8}") = "test", "test", "{6A8DE399-1804-4113-A408-F23B7F5C9CAC}"
	ProjectSection(SolutionItems) = preProject
		SkipMessages.txt = SkipMessages.txt
		test\Directory.Build.props = test\Directory.Build.props
	EndProjectSection
EndProject
Project("{9A19103F-16F7-4668-BE54-9A1E7A4F7556}") = "System.Data.Jet", "src\System.Data.Jet\System.Data.Jet.csproj", "{88BE8B4F-8DA9-42B9-9A1F-839451BA5F8C}"
EndProject
Project("{9A19103F-16F7-4668-BE54-9A1E7A4F7556}") = "System.Data.Jet.Test", "test\System.Data.Jet.Test\System.Data.Jet.Test.csproj", "{E77112B7-B6BA-43A8-B21F-DD79A7A47A2F}"
EndProject
Project("{9A19103F-16F7-4668-BE54-9A1E7A4F7556}") = "EFCore.Jet", "src\EFCore.Jet\EFCore.Jet.csproj", "{D6966B04-4C38-4925-BCDE-F8655F38D04C}"
EndProject
Project("{9A19103F-16F7-4668-BE54-9A1E7A4F7556}") = "EFCore.Jet.IntegrationTests", "test\EFCore.Jet.IntegrationTests\EFCore.Jet.IntegrationTests.csproj", "{50CA2970-B995-4D28-9F6C-F7CA4940F23A}"
EndProject
Project("{9A19103F-16F7-4668-BE54-9A1E7A4F7556}") = "EFCore.Jet.FunctionalTests", "test\EFCore.Jet.FunctionalTests\EFCore.Jet.FunctionalTests.csproj", "{3C88D49A-7EF2-42BA-A8D7-9DF7D358FD24}"
EndProject
Project("{2150E333-8FDC-42A3-9474-1A3956D46DE8}") = "docs", "docs", "{B7FF1850-23D0-465A-9D45-7EDEB9A23AD8}"
	ProjectSection(SolutionItems) = preProject
		docs\DevNotes.md = docs\DevNotes.md
		docs\README.md = docs\README.md
	EndProjectSection
EndProject
Project("{2150E333-8FDC-42A3-9474-1A3956D46DE8}") = "build", "build", "{DC0C1C50-ED7E-4BC0-B45C-E3115ECCCF76}"
ProjectSection(SolutionItems) = preProject
	build\Dependencies.props = build\Dependencies.props
	build\Key.snk = build\Key.snk
	build\Development.props = build\Development.props
	build\Development.props.sample = build\Development.props.sample
EndProjectSection
EndProject
Project("{2150E333-8FDC-42A3-9474-1A3956D46DE8}") = "root", "root", "{76210BB4-A506-4838-8BBF-57DA18C8FA03}"
ProjectSection(SolutionItems) = preProject
	Directory.Build.props = Directory.Build.props
	NuGet.Config = NuGet.Config
EndProjectSection
EndProject
Project("{FAE04EC0-301F-11D3-BF4B-00C04F79EFBC}") = "EFCore.Jet.Tests", "test\EFCore.Jet.Tests\EFCore.Jet.Tests.csproj", "{770A076B-A448-499C-BB86-A37994C04523}"
EndProject
Project("{FAE04EC0-301F-11D3-BF4B-00C04F79EFBC}") = "JetProviderExceptionTests", "test\JetProviderExceptionTests\JetProviderExceptionTests.csproj", "{5CD8B47D-E32C-480A-8331-55549EC8E12E}"
EndProject
Project("{2150E333-8FDC-42A3-9474-1A3956D46DE8}") = "tools", "tools", "{84E4151A-DA0B-43C0-B1DD-F027241FE49F}"
ProjectSection(SolutionItems) = preProject
	tools\Resources.tt = tools\Resources.tt
EndProjectSection
EndProject
Global
	GlobalSection(SolutionConfigurationPlatforms) = preSolution
		Debug|Any CPU = Debug|Any CPU
		Debug|x64 = Debug|x64
		Debug|x86 = Debug|x86
		Release|Any CPU = Release|Any CPU
		Release|x64 = Release|x64
		Release|x86 = Release|x86
	EndGlobalSection
	GlobalSection(ProjectConfigurationPlatforms) = postSolution
		{88BE8B4F-8DA9-42B9-9A1F-839451BA5F8C}.Debug|Any CPU.ActiveCfg = Debug|Any CPU
		{88BE8B4F-8DA9-42B9-9A1F-839451BA5F8C}.Debug|Any CPU.Build.0 = Debug|Any CPU
		{88BE8B4F-8DA9-42B9-9A1F-839451BA5F8C}.Debug|x64.ActiveCfg = Debug|x64
		{88BE8B4F-8DA9-42B9-9A1F-839451BA5F8C}.Debug|x64.Build.0 = Debug|x64
		{88BE8B4F-8DA9-42B9-9A1F-839451BA5F8C}.Debug|x86.ActiveCfg = Debug|x86
		{88BE8B4F-8DA9-42B9-9A1F-839451BA5F8C}.Debug|x86.Build.0 = Debug|x86
		{88BE8B4F-8DA9-42B9-9A1F-839451BA5F8C}.Release|Any CPU.ActiveCfg = Release|Any CPU
		{88BE8B4F-8DA9-42B9-9A1F-839451BA5F8C}.Release|Any CPU.Build.0 = Release|Any CPU
		{88BE8B4F-8DA9-42B9-9A1F-839451BA5F8C}.Release|x64.ActiveCfg = Release|x64
		{88BE8B4F-8DA9-42B9-9A1F-839451BA5F8C}.Release|x64.Build.0 = Release|x64
		{88BE8B4F-8DA9-42B9-9A1F-839451BA5F8C}.Release|x86.ActiveCfg = Release|x86
		{88BE8B4F-8DA9-42B9-9A1F-839451BA5F8C}.Release|x86.Build.0 = Release|x86
		{E77112B7-B6BA-43A8-B21F-DD79A7A47A2F}.Debug|Any CPU.ActiveCfg = Debug|Any CPU
		{E77112B7-B6BA-43A8-B21F-DD79A7A47A2F}.Debug|Any CPU.Build.0 = Debug|Any CPU
		{E77112B7-B6BA-43A8-B21F-DD79A7A47A2F}.Debug|x64.ActiveCfg = Debug|x64
		{E77112B7-B6BA-43A8-B21F-DD79A7A47A2F}.Debug|x64.Build.0 = Debug|x64
		{E77112B7-B6BA-43A8-B21F-DD79A7A47A2F}.Debug|x86.ActiveCfg = Debug|x86
		{E77112B7-B6BA-43A8-B21F-DD79A7A47A2F}.Debug|x86.Build.0 = Debug|x86
		{E77112B7-B6BA-43A8-B21F-DD79A7A47A2F}.Release|Any CPU.ActiveCfg = Release|Any CPU
		{E77112B7-B6BA-43A8-B21F-DD79A7A47A2F}.Release|Any CPU.Build.0 = Release|Any CPU
		{E77112B7-B6BA-43A8-B21F-DD79A7A47A2F}.Release|x64.ActiveCfg = Release|x64
		{E77112B7-B6BA-43A8-B21F-DD79A7A47A2F}.Release|x64.Build.0 = Release|x64
		{E77112B7-B6BA-43A8-B21F-DD79A7A47A2F}.Release|x86.ActiveCfg = Release|x86
		{E77112B7-B6BA-43A8-B21F-DD79A7A47A2F}.Release|x86.Build.0 = Release|x86
		{D6966B04-4C38-4925-BCDE-F8655F38D04C}.Debug|Any CPU.ActiveCfg = Debug|Any CPU
		{D6966B04-4C38-4925-BCDE-F8655F38D04C}.Debug|Any CPU.Build.0 = Debug|Any CPU
		{D6966B04-4C38-4925-BCDE-F8655F38D04C}.Debug|x64.ActiveCfg = Debug|x64
		{D6966B04-4C38-4925-BCDE-F8655F38D04C}.Debug|x64.Build.0 = Debug|x64
		{D6966B04-4C38-4925-BCDE-F8655F38D04C}.Debug|x86.ActiveCfg = Debug|x86
		{D6966B04-4C38-4925-BCDE-F8655F38D04C}.Debug|x86.Build.0 = Debug|x86
		{D6966B04-4C38-4925-BCDE-F8655F38D04C}.Release|Any CPU.ActiveCfg = Release|Any CPU
		{D6966B04-4C38-4925-BCDE-F8655F38D04C}.Release|Any CPU.Build.0 = Release|Any CPU
		{D6966B04-4C38-4925-BCDE-F8655F38D04C}.Release|x64.ActiveCfg = Release|x64
		{D6966B04-4C38-4925-BCDE-F8655F38D04C}.Release|x64.Build.0 = Release|x64
		{D6966B04-4C38-4925-BCDE-F8655F38D04C}.Release|x86.ActiveCfg = Release|x86
		{D6966B04-4C38-4925-BCDE-F8655F38D04C}.Release|x86.Build.0 = Release|x86
		{50CA2970-B995-4D28-9F6C-F7CA4940F23A}.Debug|Any CPU.ActiveCfg = Debug|Any CPU
		{50CA2970-B995-4D28-9F6C-F7CA4940F23A}.Debug|Any CPU.Build.0 = Debug|Any CPU
		{50CA2970-B995-4D28-9F6C-F7CA4940F23A}.Debug|x64.ActiveCfg = Debug|x64
		{50CA2970-B995-4D28-9F6C-F7CA4940F23A}.Debug|x64.Build.0 = Debug|x64
		{50CA2970-B995-4D28-9F6C-F7CA4940F23A}.Debug|x86.ActiveCfg = Debug|x86
		{50CA2970-B995-4D28-9F6C-F7CA4940F23A}.Debug|x86.Build.0 = Debug|x86
		{50CA2970-B995-4D28-9F6C-F7CA4940F23A}.Release|Any CPU.ActiveCfg = Release|Any CPU
		{50CA2970-B995-4D28-9F6C-F7CA4940F23A}.Release|Any CPU.Build.0 = Release|Any CPU
		{50CA2970-B995-4D28-9F6C-F7CA4940F23A}.Release|x64.ActiveCfg = Release|x64
		{50CA2970-B995-4D28-9F6C-F7CA4940F23A}.Release|x64.Build.0 = Release|x64
		{50CA2970-B995-4D28-9F6C-F7CA4940F23A}.Release|x86.ActiveCfg = Release|x86
		{50CA2970-B995-4D28-9F6C-F7CA4940F23A}.Release|x86.Build.0 = Release|x86
		{3C88D49A-7EF2-42BA-A8D7-9DF7D358FD24}.Debug|Any CPU.ActiveCfg = Debug|Any CPU
		{3C88D49A-7EF2-42BA-A8D7-9DF7D358FD24}.Debug|Any CPU.Build.0 = Debug|Any CPU
		{3C88D49A-7EF2-42BA-A8D7-9DF7D358FD24}.Debug|x64.ActiveCfg = Debug|x64
		{3C88D49A-7EF2-42BA-A8D7-9DF7D358FD24}.Debug|x64.Build.0 = Debug|x64
		{3C88D49A-7EF2-42BA-A8D7-9DF7D358FD24}.Debug|x86.ActiveCfg = Debug|x86
		{3C88D49A-7EF2-42BA-A8D7-9DF7D358FD24}.Debug|x86.Build.0 = Debug|x86
		{3C88D49A-7EF2-42BA-A8D7-9DF7D358FD24}.Release|Any CPU.ActiveCfg = Release|Any CPU
		{3C88D49A-7EF2-42BA-A8D7-9DF7D358FD24}.Release|Any CPU.Build.0 = Release|Any CPU
		{3C88D49A-7EF2-42BA-A8D7-9DF7D358FD24}.Release|x64.ActiveCfg = Release|x64
		{3C88D49A-7EF2-42BA-A8D7-9DF7D358FD24}.Release|x64.Build.0 = Release|x64
		{3C88D49A-7EF2-42BA-A8D7-9DF7D358FD24}.Release|x86.ActiveCfg = Release|x86
		{3C88D49A-7EF2-42BA-A8D7-9DF7D358FD24}.Release|x86.Build.0 = Release|x86
		{770A076B-A448-499C-BB86-A37994C04523}.Debug|Any CPU.ActiveCfg = Debug|Any CPU
		{770A076B-A448-499C-BB86-A37994C04523}.Debug|Any CPU.Build.0 = Debug|Any CPU
		{770A076B-A448-499C-BB86-A37994C04523}.Debug|x64.ActiveCfg = Debug|Any CPU
		{770A076B-A448-499C-BB86-A37994C04523}.Debug|x64.Build.0 = Debug|Any CPU
		{770A076B-A448-499C-BB86-A37994C04523}.Debug|x86.ActiveCfg = Debug|Any CPU
		{770A076B-A448-499C-BB86-A37994C04523}.Debug|x86.Build.0 = Debug|Any CPU
		{770A076B-A448-499C-BB86-A37994C04523}.Release|Any CPU.ActiveCfg = Release|Any CPU
		{770A076B-A448-499C-BB86-A37994C04523}.Release|Any CPU.Build.0 = Release|Any CPU
		{770A076B-A448-499C-BB86-A37994C04523}.Release|x64.ActiveCfg = Release|Any CPU
		{770A076B-A448-499C-BB86-A37994C04523}.Release|x64.Build.0 = Release|Any CPU
		{770A076B-A448-499C-BB86-A37994C04523}.Release|x86.ActiveCfg = Release|Any CPU
		{770A076B-A448-499C-BB86-A37994C04523}.Release|x86.Build.0 = Release|Any CPU
		{5CD8B47D-E32C-480A-8331-55549EC8E12E}.Debug|Any CPU.ActiveCfg = Debug|Any CPU
		{5CD8B47D-E32C-480A-8331-55549EC8E12E}.Debug|Any CPU.Build.0 = Debug|Any CPU
		{5CD8B47D-E32C-480A-8331-55549EC8E12E}.Release|Any CPU.ActiveCfg = Release|Any CPU
		{5CD8B47D-E32C-480A-8331-55549EC8E12E}.Release|Any CPU.Build.0 = Release|Any CPU
		{5CD8B47D-E32C-480A-8331-55549EC8E12E}.Debug|x64.ActiveCfg = Debug|x64
		{5CD8B47D-E32C-480A-8331-55549EC8E12E}.Debug|x64.Build.0 = Debug|x64
		{5CD8B47D-E32C-480A-8331-55549EC8E12E}.Debug|x86.ActiveCfg = Debug|x86
		{5CD8B47D-E32C-480A-8331-55549EC8E12E}.Debug|x86.Build.0 = Debug|x86
		{5CD8B47D-E32C-480A-8331-55549EC8E12E}.Release|x64.ActiveCfg = Release|x64
		{5CD8B47D-E32C-480A-8331-55549EC8E12E}.Release|x64.Build.0 = Release|x64
		{5CD8B47D-E32C-480A-8331-55549EC8E12E}.Release|x86.ActiveCfg = Release|x86
		{5CD8B47D-E32C-480A-8331-55549EC8E12E}.Release|x86.Build.0 = Release|x86
	EndGlobalSection
	GlobalSection(SolutionProperties) = preSolution
		HideSolutionNode = FALSE
	EndGlobalSection
	GlobalSection(NestedProjects) = preSolution
		{88BE8B4F-8DA9-42B9-9A1F-839451BA5F8C} = {F68095EE-6CD1-43A2-B498-6CA72CE2A0CB}
		{E77112B7-B6BA-43A8-B21F-DD79A7A47A2F} = {6A8DE399-1804-4113-A408-F23B7F5C9CAC}
		{D6966B04-4C38-4925-BCDE-F8655F38D04C} = {F68095EE-6CD1-43A2-B498-6CA72CE2A0CB}
		{50CA2970-B995-4D28-9F6C-F7CA4940F23A} = {6A8DE399-1804-4113-A408-F23B7F5C9CAC}
		{3C88D49A-7EF2-42BA-A8D7-9DF7D358FD24} = {6A8DE399-1804-4113-A408-F23B7F5C9CAC}
		{770A076B-A448-499C-BB86-A37994C04523} = {6A8DE399-1804-4113-A408-F23B7F5C9CAC}
		{5CD8B47D-E32C-480A-8331-55549EC8E12E} = {6A8DE399-1804-4113-A408-F23B7F5C9CAC}
	EndGlobalSection
	GlobalSection(ExtensibilityGlobals) = postSolution
		SolutionGuid = {9359773D-6399-447E-9814-6CB41C2FB664}
	EndGlobalSection
EndGlobal
